
Microsoft Visual Studio Solution File, Format Version 12.00
# Visual Studio Version 17
VisualStudioVersion = 17.11.35219.272
MinimumVisualStudioVersion = 10.0.40219.1
Project("{FAE04EC0-301F-11D3-BF4B-00C04F79EFBC}") = "tringleVorm", "tringleVorm\tringleVorm.csproj", "{9E48791B-494C-4E4D-BCB7-CD91A6C14E22}"
EndProject
Global
	GlobalSection(SolutionConfigurationPlatforms) = preSolution
		Debug|Any CPU = Debug|Any CPU
		Release|Any CPU = Release|Any CPU
	EndGlobalSection
	GlobalSection(ProjectConfigurationPlatforms) = postSolution
		{9E48791B-494C-4E4D-BCB7-CD91A6C14E22}.Debug|Any CPU.ActiveCfg = Debug|Any CPU
		{9E48791B-494C-4E4D-BCB7-CD91A6C14E22}.Debug|Any CPU.Build.0 = Debug|Any CPU
		{9E48791B-494C-4E4D-BCB7-CD91A6C14E22}.Release|Any CPU.ActiveCfg = Release|Any CPU
		{9E48791B-494C-4E4D-BCB7-CD91A6C14E22}.Release|Any CPU.Build.0 = Release|Any CPU
	EndGlobalSection
	GlobalSection(SolutionProperties) = preSolution
		HideSolutionNode = FALSE
	EndGlobalSection
	GlobalSection(ExtensibilityGlobals) = postSolution
		SolutionGuid = {A667CDA9-8624-4B52-8B6A-7BA7856BAEAC}
	EndGlobalSection
EndGlobal
